
Microsoft Visual Studio Solution File, Format Version 12.00
# Visual Studio Version 16
VisualStudioVersion = 16.0.29519.181
MinimumVisualStudioVersion = 10.0.40219.1
Project("{FAE04EC0-301F-11D3-BF4B-00C04F79EFBC}") = "DockerVolume", "DockerVolume\DockerVolume.csproj", "{ED0B500B-3AA7-4A5B-B8E3-2A0C563B0C2A}"
EndProject
Global
	GlobalSection(SolutionConfigurationPlatforms) = preSolution
		Debug|Any CPU = Debug|Any CPU
		Release|Any CPU = Release|Any CPU
	EndGlobalSection
	GlobalSection(ProjectConfigurationPlatforms) = postSolution
		{ED0B500B-3AA7-4A5B-B8E3-2A0C563B0C2A}.Debug|Any CPU.ActiveCfg = Debug|Any CPU
		{ED0B500B-3AA7-4A5B-B8E3-2A0C563B0C2A}.Debug|Any CPU.Build.0 = Debug|Any CPU
		{ED0B500B-3AA7-4A5B-B8E3-2A0C563B0C2A}.Release|Any CPU.ActiveCfg = Release|Any CPU
		{ED0B500B-3AA7-4A5B-B8E3-2A0C563B0C2A}.Release|Any CPU.Build.0 = Release|Any CPU
	EndGlobalSection
	GlobalSection(SolutionProperties) = preSolution
		HideSolutionNode = FALSE
	EndGlobalSection
	GlobalSection(ExtensibilityGlobals) = postSolution
		SolutionGuid = {BE37FAF7-2045-49E4-92B8-F05FA689A3CD}
	EndGlobalSection
EndGlobal
